# This file is @generated by PDM.
# It is not intended for manual editing.

[metadata]
groups = ["default", "dev"]
strategy = ["inherit_metadata"]
lock_version = "4.5.0"
content_hash = "sha256:4340c0d0246885efc0167fc8bd56e1ab59fd8a5e9503d8f7a12a3f418db4f34d"

[[metadata.targets]]
requires_python = "==3.11.*"

[[package]]
name = "dearpygui"
version = "2.1.0"
requires_python = ">=3.8"
summary = "DearPyGui: A simple Python GUI Toolkit"
groups = ["default"]
files = [
    {file = "dearpygui-2.1.0-cp311-cp311-macosx_10_6_x86_64.whl", hash = "sha256:03e5dc0b3dd2f7965e50bbe41f3316a814408064b582586de994d93afedb125c"},
    {file = "dearpygui-2.1.0-cp311-cp311-macosx_13_0_arm64.whl", hash = "sha256:b5b37710c3fa135c48e2347f39ecd1f415146e86db5d404707a0bf72d16bd304"},
    {file = "dearpygui-2.1.0-cp311-cp311-manylinux1_x86_64.whl", hash = "sha256:b0cfd7ac7eaa090fc22d6aa60fc4b527fc631cee10c348e4d8df92bb39af03d2"},
    {file = "dearpygui-2.1.0-cp311-cp311-win_amd64.whl", hash = "sha256:a9af54f96d3ef30c5db9d12cdf3266f005507396fb0da2e12e6b22b662161070"},
]

[[package]]
name = "numpy"
version = "2.3.2"
requires_python = ">=3.11"
summary = "Fundamental package for array computing in Python"
groups = ["default"]
files = [
    {file = "numpy-2.3.2-cp311-cp311-macosx_10_9_x86_64.whl", hash = "sha256:852ae5bed3478b92f093e30f785c98e0cb62fa0a939ed057c31716e18a7a22b9"},
    {file = "numpy-2.3.2-cp311-cp311-macosx_11_0_arm64.whl", hash = "sha256:7a0e27186e781a69959d0230dd9909b5e26024f8da10683bd6344baea1885168"},
    {file = "numpy-2.3.2-cp311-cp311-macosx_14_0_arm64.whl", hash = "sha256:f0a1a8476ad77a228e41619af2fa9505cf69df928e9aaa165746584ea17fed2b"},
    {file = "numpy-2.3.2-cp311-cp311-macosx_14_0_x86_64.whl", hash = "sha256:cbc95b3813920145032412f7e33d12080f11dc776262df1712e1638207dde9e8"},
    {file = "numpy-2.3.2-cp311-cp311-manylinux_2_27_aarch64.manylinux_2_28_aarch64.whl", hash = "sha256:f75018be4980a7324edc5930fe39aa391d5734531b1926968605416ff58c332d"},
    {file = "numpy-2.3.2-cp311-cp311-manylinux_2_27_x86_64.manylinux_2_28_x86_64.whl", hash = "sha256:20b8200721840f5621b7bd03f8dcd78de33ec522fc40dc2641aa09537df010c3"},
    {file = "numpy-2.3.2-cp311-cp311-musllinux_1_2_aarch64.whl", hash = "sha256:1f91e5c028504660d606340a084db4b216567ded1056ea2b4be4f9d10b67197f"},
    {file = "numpy-2.3.2-cp311-cp311-musllinux_1_2_x86_64.whl", hash = "sha256:fb1752a3bb9a3ad2d6b090b88a9a0ae1cd6f004ef95f75825e2f382c183b2097"},
    {file = "numpy-2.3.2-cp311-cp311-win32.whl", hash = "sha256:4ae6863868aaee2f57503c7a5052b3a2807cf7a3914475e637a0ecd366ced220"},
    {file = "numpy-2.3.2-cp311-cp311-win_amd64.whl", hash = "sha256:240259d6564f1c65424bcd10f435145a7644a65a6811cfc3201c4a429ba79170"},
    {file = "numpy-2.3.2-cp311-cp311-win_arm64.whl", hash = "sha256:4209f874d45f921bde2cff1ffcd8a3695f545ad2ffbef6d3d3c6768162efab89"},
    {file = "numpy-2.3.2-pp311-pypy311_pp73-macosx_10_15_x86_64.whl", hash = "sha256:14a91ebac98813a49bc6aa1a0dfc09513dcec1d97eaf31ca21a87221a1cdcb15"},
    {file = "numpy-2.3.2-pp311-pypy311_pp73-macosx_11_0_arm64.whl", hash = "sha256:71669b5daae692189540cffc4c439468d35a3f84f0c88b078ecd94337f6cb0ec"},
    {file = "numpy-2.3.2-pp311-pypy311_pp73-macosx_14_0_arm64.whl", hash = "sha256:69779198d9caee6e547adb933941ed7520f896fd9656834c300bdf4dd8642712"},
    {file = "numpy-2.3.2-pp311-pypy311_pp73-macosx_14_0_x86_64.whl", hash = "sha256:2c3271cc4097beb5a60f010bcc1cc204b300bb3eafb4399376418a83a1c6373c"},
    {file = "numpy-2.3.2-pp311-pypy311_pp73-manylinux_2_27_aarch64.manylinux_2_28_aarch64.whl", hash = "sha256:8446acd11fe3dc1830568c941d44449fd5cb83068e5c70bd5a470d323d448296"},
    {file = "numpy-2.3.2-pp311-pypy311_pp73-manylinux_2_27_x86_64.manylinux_2_28_x86_64.whl", hash = "sha256:aa098a5ab53fa407fded5870865c6275a5cd4101cfdef8d6fafc48286a96e981"},
    {file = "numpy-2.3.2-pp311-pypy311_pp73-win_amd64.whl", hash = "sha256:6936aff90dda378c09bea075af0d9c675fe3a977a9d2402f95a87f440f59f619"},
    {file = "numpy-2.3.2.tar.gz", hash = "sha256:e0486a11ec30cdecb53f184d496d1c6a20786c81e55e41640270130056f8ee48"},
]

[[package]]
name = "software-client"
version = "0.1.0"
requires_python = ">=3.11"
subdirectory = "client"
git = "https://github.com/UnamedStudio/software-server.git"
ref = "main"
revision = "b8a143ccb2b22f5b6381d7260d8d5f33387cc561"
summary = "Default template for PDM package"
groups = ["default"]
dependencies = [
    "numpy>=2.3.2",
]

[[package]]
name = "types-usd"
version = "24.5.2"
summary = "Unofficial python stubs for Pixar's Universal Scene Description (USD)"
groups = ["default"]
files = [
    {file = "types_usd-24.5.2-py2.py3-none-any.whl", hash = "sha256:e696c40f7aec7fa3f65f14d26345b9b747d9004616bcd9fb01c85d4bb52b3d68"},
    {file = "types_usd-24.5.2.tar.gz", hash = "sha256:5da654fdc17dfb8ddf2b264c626e5236e6572b5359498c5ec634b5577abe86fa"},
]

[[package]]
name = "usd-core"
version = "25.8"
requires_python = "<3.14,>=3.8"
summary = "Pixar's Universal Scene Description"
groups = ["default"]
files = [
    {file = "usd_core-25.8-cp311-none-macosx_10_9_universal2.whl", hash = "sha256:b9fe2236205c4324115f73d60ae4f7a7cdab661e5b089bcdf330e5120a7abe5e"},
    {file = "usd_core-25.8-cp311-none-manylinux_2_17_x86_64.manylinux2014_x86_64.whl", hash = "sha256:ec4a897e828e7aa761bbbe48ec24e27be2212467495aa60f293f5097a38b542a"},
    {file = "usd_core-25.8-cp311-none-win_amd64.whl", hash = "sha256:44061c4833c4d4044cedf0a70b92b5dda7a3bbedc83b3fe2812976fd328df348"},
]
