# This file is @generated by PDM.
# It is not intended for manual editing.

[metadata]
groups = ["default"]
strategy = ["inherit_metadata"]
lock_version = "4.5.0"
content_hash = "sha256:92696130360142303a7a14094419f76ef49429b1ef6126ceef907dc64ce3f419"

[[metadata.targets]]
requires_python = "==3.12.*"

[[package]]
name = "dearpygui"
version = "2.1.0"
requires_python = ">=3.8"
summary = "DearPyGui: A simple Python GUI Toolkit"
groups = ["default"]
files = [
    {file = "dearpygui-2.1.0-cp312-cp312-macosx_10_6_x86_64.whl", hash = "sha256:1270ceb9cdb8ecc047c42477ccaa075b7864b314a5d09191f9280a24c8aa90a0"},
    {file = "dearpygui-2.1.0-cp312-cp312-macosx_13_0_arm64.whl", hash = "sha256:ce9969eb62057b9d4c88a8baaed13b5fbe4058caa9faf5b19fec89da75aece3d"},
    {file = "dearpygui-2.1.0-cp312-cp312-manylinux1_x86_64.whl", hash = "sha256:a3ca8cf788db63ef7e2e8d6f277631b607d548b37606f080ca1b42b1f0a9b183"},
    {file = "dearpygui-2.1.0-cp312-cp312-win_amd64.whl", hash = "sha256:43f0e4db9402f44fc3683a1f5c703564819de18cc15a042de7f1ed1c8cb5d148"},
]

[[package]]
name = "numpy"
version = "2.3.3"
requires_python = ">=3.11"
summary = "Fundamental package for array computing in Python"
groups = ["default"]
files = [
    {file = "numpy-2.3.3-cp312-cp312-macosx_10_13_x86_64.whl", hash = "sha256:cfdd09f9c84a1a934cde1eec2267f0a43a7cd44b2cca4ff95b7c0d14d144b0bf"},
    {file = "numpy-2.3.3-cp312-cp312-macosx_11_0_arm64.whl", hash = "sha256:cb32e3cf0f762aee47ad1ddc6672988f7f27045b0783c887190545baba73aa25"},
    {file = "numpy-2.3.3-cp312-cp312-macosx_14_0_arm64.whl", hash = "sha256:396b254daeb0a57b1fe0ecb5e3cff6fa79a380fa97c8f7781a6d08cd429418fe"},
    {file = "numpy-2.3.3-cp312-cp312-macosx_14_0_x86_64.whl", hash = "sha256:067e3d7159a5d8f8a0b46ee11148fc35ca9b21f61e3c49fbd0a027450e65a33b"},
    {file = "numpy-2.3.3-cp312-cp312-manylinux_2_27_aarch64.manylinux_2_28_aarch64.whl", hash = "sha256:1c02d0629d25d426585fb2e45a66154081b9fa677bc92a881ff1d216bc9919a8"},
    {file = "numpy-2.3.3-cp312-cp312-manylinux_2_27_x86_64.manylinux_2_28_x86_64.whl", hash = "sha256:d9192da52b9745f7f0766531dcfa978b7763916f158bb63bdb8a1eca0068ab20"},
    {file = "numpy-2.3.3-cp312-cp312-musllinux_1_2_aarch64.whl", hash = "sha256:cd7de500a5b66319db419dc3c345244404a164beae0d0937283b907d8152e6ea"},
    {file = "numpy-2.3.3-cp312-cp312-musllinux_1_2_x86_64.whl", hash = "sha256:93d4962d8f82af58f0b2eb85daaf1b3ca23fe0a85d0be8f1f2b7bb46034e56d7"},
    {file = "numpy-2.3.3-cp312-cp312-win32.whl", hash = "sha256:5534ed6b92f9b7dca6c0a19d6df12d41c68b991cef051d108f6dbff3babc4ebf"},
    {file = "numpy-2.3.3-cp312-cp312-win_amd64.whl", hash = "sha256:497d7cad08e7092dba36e3d296fe4c97708c93daf26643a1ae4b03f6294d30eb"},
    {file = "numpy-2.3.3-cp312-cp312-win_arm64.whl", hash = "sha256:ca0309a18d4dfea6fc6262a66d06c26cfe4640c3926ceec90e57791a82b6eee5"},
    {file = "numpy-2.3.3.tar.gz", hash = "sha256:ddc7c39727ba62b80dfdbedf400d1c10ddfa8eefbd7ec8dcb118be8b56d31029"},
]

[[package]]
name = "software-client"
version = "0.1.0"
requires_python = ">=3.11"
subdirectory = "client"
git = "https://github.com/UnamedStudio/software-server.git"
ref = "main"
revision = "383271a2a1cf29c66fa2cadddd61bcd84f02cc54"
summary = "Default template for PDM package"
groups = ["default"]
dependencies = [
    "numpy>=2.3.2",
]

[[package]]
name = "types-usd"
version = "24.5.2"
summary = "Unofficial python stubs for Pixar's Universal Scene Description (USD)"
groups = ["default"]
files = [
    {file = "types_usd-24.5.2-py2.py3-none-any.whl", hash = "sha256:e696c40f7aec7fa3f65f14d26345b9b747d9004616bcd9fb01c85d4bb52b3d68"},
    {file = "types_usd-24.5.2.tar.gz", hash = "sha256:5da654fdc17dfb8ddf2b264c626e5236e6572b5359498c5ec634b5577abe86fa"},
]

[[package]]
name = "usd-core"
version = "25.8"
requires_python = "<3.14,>=3.8"
summary = "Pixar's Universal Scene Description"
groups = ["default"]
files = [
    {file = "usd_core-25.8-cp312-none-macosx_10_9_universal2.whl", hash = "sha256:0d509e35d4fd56e7119ddde39886debdfafd219abc5584d011fe67e8e383a0a8"},
    {file = "usd_core-25.8-cp312-none-manylinux_2_17_x86_64.manylinux2014_x86_64.whl", hash = "sha256:cf52c5a77a314681ffb571528dd5e14c0a2e591437606671b90ee4390700e384"},
    {file = "usd_core-25.8-cp312-none-win_amd64.whl", hash = "sha256:ddb4845c7a7a42c8bf1bb6fcc4a3d7a3b1fecfdab105ad5e4ed9fa8dcd40ba95"},
]
